
Microsoft Visual Studio Solution File, Format Version 12.00
# Visual Studio Version 16
VisualStudioVersion = 16.0.29326.143
MinimumVisualStudioVersion = 10.0.40219.1
Project("{FAE04EC0-301F-11D3-BF4B-00C04F79EFBC}") = "exam_MVC", "exam_MVC\exam_MVC.csproj", "{59300238-F7FD-4809-9CB8-EA2D04DF5885}"
EndProject
Global
	GlobalSection(SolutionConfigurationPlatforms) = preSolution
		Debug|Any CPU = Debug|Any CPU
		Release|Any CPU = Release|Any CPU
	EndGlobalSection
	GlobalSection(ProjectConfigurationPlatforms) = postSolution
		{59300238-F7FD-4809-9CB8-EA2D04DF5885}.Debug|Any CPU.ActiveCfg = Debug|Any CPU
		{59300238-F7FD-4809-9CB8-EA2D04DF5885}.Debug|Any CPU.Build.0 = Debug|Any CPU
		{59300238-F7FD-4809-9CB8-EA2D04DF5885}.Release|Any CPU.ActiveCfg = Release|Any CPU
		{59300238-F7FD-4809-9CB8-EA2D04DF5885}.Release|Any CPU.Build.0 = Release|Any CPU
	EndGlobalSection
	GlobalSection(SolutionProperties) = preSolution
		HideSolutionNode = FALSE
	EndGlobalSection
	GlobalSection(ExtensibilityGlobals) = postSolution
		SolutionGuid = {2C379E7F-F709-478D-8110-96C221F04686}
	EndGlobalSection
EndGlobal
